
Microsoft Visual Studio Solution File, Format Version 12.00
# Visual Studio Version 18
VisualStudioVersion = 18.3.11415.281 d18.3
MinimumVisualStudioVersion = 10.0.40219.1
Project("{FAE04EC0-301F-11D3-BF4B-00C04F79EFBC}") = "PortfolioManagement.Api", "PortfolioManagement.Api\PortfolioManagement.Api.csproj", "{7ABC1476-7C30-43EC-BA0C-A3164A62C295}"
EndProject
Global
	GlobalSection(SolutionConfigurationPlatforms) = preSolution
		Debug|Any CPU = Debug|Any CPU
		Release|Any CPU = Release|Any CPU
	EndGlobalSection
	GlobalSection(ProjectConfigurationPlatforms) = postSolution
		{7ABC1476-7C30-43EC-BA0C-A3164A62C295}.Debug|Any CPU.ActiveCfg = Debug|Any CPU
		{7ABC1476-7C30-43EC-BA0C-A3164A62C295}.Debug|Any CPU.Build.0 = Debug|Any CPU
		{7ABC1476-7C30-43EC-BA0C-A3164A62C295}.Release|Any CPU.ActiveCfg = Release|Any CPU
		{7ABC1476-7C30-43EC-BA0C-A3164A62C295}.Release|Any CPU.Build.0 = Release|Any CPU
	EndGlobalSection
	GlobalSection(SolutionProperties) = preSolution
		HideSolutionNode = FALSE
	EndGlobalSection
	GlobalSection(ExtensibilityGlobals) = postSolution
		SolutionGuid = {03D35387-3F3E-4BB5-962B-EFE3D737B3B3}
	EndGlobalSection
EndGlobal
